// !$*UTF8*$!
{
	archiveVersion = 1;
	classes = {
	};
	objectVersion = 70;
	objects = {

/* Begin PBXBuildFile section */
		330D52992CB2E6C600E8BDFE /* main.swift in Sources */ = {isa = PBXBuildFile; fileRef = 330D52982CB2E3F900E8BDFE /* main.swift */; };
		332452F62C3061E8001B386F /* SwordRPC in Frameworks */ = {isa = PBXBuildFile; productRef = 332452F52C3061E8001B386F /* SwordRPC */; };
		332452FC2C306D3B001B386F /* SwordRPC in Frameworks */ = {isa = PBXBuildFile; productRef = 332452FB2C306D3B001B386F /* SwordRPC */; };
		335F2D632C31A45000439F3E /* InterViewState.swift in Sources */ = {isa = PBXBuildFile; fileRef = 335F2D622C31A44500439F3E /* InterViewState.swift */; };
		33B004202CBA1590002CE3DC /* Properties.swift in Sources */ = {isa = PBXBuildFile; fileRef = 33B0041F2CBA158C002CE3DC /* Properties.swift */; };
		33C3B1C62C34CD97008A8219 /* AppDelegate.swift in Sources */ = {isa = PBXBuildFile; fileRef = 33C3B1C52C34CD93008A8219 /* AppDelegate.swift */; };
		33D520AB2C3059C60034C89E /* Assets.xcassets in Resources */ = {isa = PBXBuildFile; fileRef = 33D520AA2C3059C60034C89E /* Assets.xcassets */; };
		33D520AE2C3059C60034C89E /* Preview Assets.xcassets in Resources */ = {isa = PBXBuildFile; fileRef = 33D520AD2C3059C60034C89E /* Preview Assets.xcassets */; };
/* End PBXBuildFile section */

/* Begin PBXFileReference section */
		330D52982CB2E3F900E8BDFE /* main.swift */ = {isa = PBXFileReference; lastKnownFileType = sourcecode.swift; path = main.swift; sourceTree = "<group>"; };
		335F2D622C31A44500439F3E /* InterViewState.swift */ = {isa = PBXFileReference; lastKnownFileType = sourcecode.swift; path = InterViewState.swift; sourceTree = "<group>"; };
		337BC4182C3312CF0098DDB5 /* README.md */ = {isa = PBXFileReference; lastKnownFileType = net.daringfireball.markdown; path = README.md; sourceTree = "<group>"; };
		33B0041F2CBA158C002CE3DC /* Properties.swift */ = {isa = PBXFileReference; lastKnownFileType = sourcecode.swift; path = Properties.swift; sourceTree = "<group>"; };
		33C3B1C52C34CD93008A8219 /* AppDelegate.swift */ = {isa = PBXFileReference; lastKnownFileType = sourcecode.swift; path = AppDelegate.swift; sourceTree = "<group>"; };
		33D520A32C3059C30034C89E /* XcodeRPC.app */ = {isa = PBXFileReference; explicitFileType = wrapper.application; includeInIndex = 0; path = XcodeRPC.app; sourceTree = BUILT_PRODUCTS_DIR; };
		33D520AA2C3059C60034C89E /* Assets.xcassets */ = {isa = PBXFileReference; lastKnownFileType = folder.assetcatalog; path = Assets.xcassets; sourceTree = "<group>"; };
		33D520AD2C3059C60034C89E /* Preview Assets.xcassets */ = {isa = PBXFileReference; lastKnownFileType = folder.assetcatalog; path = "Preview Assets.xcassets"; sourceTree = "<group>"; };
		33D520AF2C3059C60034C89E /* XcodeRPC.entitlements */ = {isa = PBXFileReference; lastKnownFileType = text.plist.entitlements; path = XcodeRPC.entitlements; sourceTree = "<group>"; };
		33D520B52C305AA20034C89E /* Info.plist */ = {isa = PBXFileReference; lastKnownFileType = text.plist; path = Info.plist; sourceTree = "<group>"; };
/* End PBXFileReference section */

/* Begin PBXFileSystemSynchronizedBuildFileExceptionSet section */
		334B52382CA61F7C00A8AE0B /* PBXFileSystemSynchronizedBuildFileExceptionSet */ = {
			isa = PBXFileSystemSynchronizedBuildFileExceptionSet;
			membershipExceptions = (
				WelcomeScreen.swift,
				WelcomeWindow.storyboard,
				XRPCMenu.swift,
			);
			target = 33D520A22C3059C30034C89E /* XcodeRPC */;
		};
/* End PBXFileSystemSynchronizedBuildFileExceptionSet section */

/* Begin PBXFileSystemSynchronizedRootGroup section */
		334B52372CA61F7200A8AE0B /* Views */ = {isa = PBXFileSystemSynchronizedRootGroup; exceptions = (334B52382CA61F7C00A8AE0B /* PBXFileSystemSynchronizedBuildFileExceptionSet */, ); explicitFileTypes = {}; explicitFolders = (); path = Views; sourceTree = "<group>"; };
		334B52392CA61F8100A8AE0B /* Misc */ = {isa = PBXFileSystemSynchronizedRootGroup; explicitFileTypes = {}; explicitFolders = (); path = Misc; sourceTree = "<group>"; };
		33B004212CBA15BB002CE3DC /* IMGUR */ = {isa = PBXFileSystemSynchronizedRootGroup; explicitFileTypes = {}; explicitFolders = (); path = IMGUR; sourceTree = "<group>"; };
		33B0042C2CBA1B64002CE3DC /* AppleScript */ = {isa = PBXFileSystemSynchronizedRootGroup; explicitFileTypes = {}; explicitFolders = (); path = AppleScript; sourceTree = "<group>"; };
/* End PBXFileSystemSynchronizedRootGroup section */

/* Begin PBXFrameworksBuildPhase section */
		33D520A02C3059C30034C89E /* Frameworks */ = {
			isa = PBXFrameworksBuildPhase;
			buildActionMask = 2147483647;
			files = (
				332452FC2C306D3B001B386F /* SwordRPC in Frameworks */,
				332452F62C3061E8001B386F /* SwordRPC in Frameworks */,
			);
			runOnlyForDeploymentPostprocessing = 0;
		};
/* End PBXFrameworksBuildPhase section */

/* Begin PBXGroup section */
		33D5209A2C3059C30034C89E = {
			isa = PBXGroup;
			children = (
				337BC4182C3312CF0098DDB5 /* README.md */,
				33D520A52C3059C30034C89E /* XcodeRPC */,
				33D520A42C3059C30034C89E /* Products */,
			);
			sourceTree = "<group>";
		};
		33D520A42C3059C30034C89E /* Products */ = {
			isa = PBXGroup;
			children = (
				33D520A32C3059C30034C89E /* XcodeRPC.app */,
			);
			name = Products;
			sourceTree = "<group>";
		};
		33D520A52C3059C30034C89E /* XcodeRPC */ = {
			isa = PBXGroup;
			children = (
				330D52982CB2E3F900E8BDFE /* main.swift */,
				33B0042C2CBA1B64002CE3DC /* AppleScript */,
				33B004212CBA15BB002CE3DC /* IMGUR */,
				33B0041F2CBA158C002CE3DC /* Properties.swift */,
				334B52392CA61F8100A8AE0B /* Misc */,
				334B52372CA61F7200A8AE0B /* Views */,
				33C3B1C52C34CD93008A8219 /* AppDelegate.swift */,
				335F2D622C31A44500439F3E /* InterViewState.swift */,
				33D520B52C305AA20034C89E /* Info.plist */,
				33D520AA2C3059C60034C89E /* Assets.xcassets */,
				33D520AF2C3059C60034C89E /* XcodeRPC.entitlements */,
				33D520AC2C3059C60034C89E /* Preview Content */,
			);
			path = XcodeRPC;
			sourceTree = "<group>";
		};
		33D520AC2C3059C60034C89E /* Preview Content */ = {
			isa = PBXGroup;
			children = (
				33D520AD2C3059C60034C89E /* Preview Assets.xcassets */,
			);
			path = "Preview Content";
			sourceTree = "<group>";
		};
/* End PBXGroup section */

/* Begin PBXNativeTarget section */
		33D520A22C3059C30034C89E /* XcodeRPC */ = {
			isa = PBXNativeTarget;
			buildConfigurationList = 33D520B22C3059C60034C89E /* Build configuration list for PBXNativeTarget "XcodeRPC" */;
			buildPhases = (
				33D5209F2C3059C30034C89E /* Sources */,
				33D520A02C3059C30034C89E /* Frameworks */,
				33D520A12C3059C30034C89E /* Resources */,
			);
			buildRules = (
			);
			dependencies = (
				33C671082C33990900B8BB1F /* PBXTargetDependency */,
			);
			fileSystemSynchronizedGroups = (
				334B52392CA61F8100A8AE0B /* Misc */,
				33B004212CBA15BB002CE3DC /* IMGUR */,
				33B0042C2CBA1B64002CE3DC /* AppleScript */,
			);
			name = XcodeRPC;
			packageProductDependencies = (
				332452F52C3061E8001B386F /* SwordRPC */,
				332452FB2C306D3B001B386F /* SwordRPC */,
			);
			productName = XcodeRPC;
			productReference = 33D520A32C3059C30034C89E /* XcodeRPC.app */;
			productType = "com.apple.product-type.application";
		};
/* End PBXNativeTarget section */

/* Begin PBXProject section */
		33D5209B2C3059C30034C89E /* Project object */ = {
			isa = PBXProject;
			attributes = {
				BuildIndependentTargetsInParallel = 1;
				LastSwiftUpdateCheck = 1600;
				LastUpgradeCheck = 1600;
				TargetAttributes = {
					33D520A22C3059C30034C89E = {
						CreatedOnToolsVersion = 16.0;
						LastSwiftMigration = 1600;
					};
				};
			};
			buildConfigurationList = 33D5209E2C3059C30034C89E /* Build configuration list for PBXProject "XcodeRPC" */;
			compatibilityVersion = "Xcode 12.0";
			developmentRegion = en;
			hasScannedForEncodings = 0;
			knownRegions = (
				en,
				Base,
			);
			mainGroup = 33D5209A2C3059C30034C89E;
			packageReferences = (
				332452FA2C306D3B001B386F /* XCRemoteSwiftPackageReference "SwordRPC" */,
				33C671062C3398A400B8BB1F /* XCRemoteSwiftPackageReference "SwiftLintPlugins" */,
			);
			productRefGroup = 33D520A42C3059C30034C89E /* Products */;
			projectDirPath = "";
			projectRoot = "";
			targets = (
				33D520A22C3059C30034C89E /* XcodeRPC */,
			);
		};
/* End PBXProject section */

/* Begin PBXResourcesBuildPhase section */
		33D520A12C3059C30034C89E /* Resources */ = {
			isa = PBXResourcesBuildPhase;
			buildActionMask = 2147483647;
			files = (
				33D520AE2C3059C60034C89E /* Preview Assets.xcassets in Resources */,
				33D520AB2C3059C60034C89E /* Assets.xcassets in Resources */,
			);
			runOnlyForDeploymentPostprocessing = 0;
		};
/* End PBXResourcesBuildPhase section */

/* Begin PBXSourcesBuildPhase section */
		33D5209F2C3059C30034C89E /* Sources */ = {
			isa = PBXSourcesBuildPhase;
			buildActionMask = 2147483647;
			files = (
				330D52992CB2E6C600E8BDFE /* main.swift in Sources */,
				335F2D632C31A45000439F3E /* InterViewState.swift in Sources */,
				33C3B1C62C34CD97008A8219 /* AppDelegate.swift in Sources */,
				33B004202CBA1590002CE3DC /* Properties.swift in Sources */,
			);
			runOnlyForDeploymentPostprocessing = 0;
		};
/* End PBXSourcesBuildPhase section */

/* Begin PBXTargetDependency section */
		33C671082C33990900B8BB1F /* PBXTargetDependency */ = {
			isa = PBXTargetDependency;
			productRef = 33C671072C33990900B8BB1F /* SwiftLintBuildToolPlugin */;
		};
/* End PBXTargetDependency section */

/* Begin XCBuildConfiguration section */
		33D520B02C3059C60034C89E /* Debug */ = {
			isa = XCBuildConfiguration;
			buildSettings = {
				ALWAYS_SEARCH_USER_PATHS = NO;
				ASSETCATALOG_COMPILER_GENERATE_SWIFT_ASSET_SYMBOL_EXTENSIONS = YES;
				CLANG_ANALYZER_NONNULL = YES;
				CLANG_ANALYZER_NUMBER_OBJECT_CONVERSION = YES_AGGRESSIVE;
				CLANG_CXX_LANGUAGE_STANDARD = "gnu++20";
				CLANG_ENABLE_MODULES = YES;
				CLANG_ENABLE_OBJC_ARC = YES;
				CLANG_ENABLE_OBJC_WEAK = YES;
				CLANG_WARN_BLOCK_CAPTURE_AUTORELEASING = YES;
				CLANG_WARN_BOOL_CONVERSION = YES;
				CLANG_WARN_COMMA = YES;
				CLANG_WARN_CONSTANT_CONVERSION = YES;
				CLANG_WARN_DEPRECATED_OBJC_IMPLEMENTATIONS = YES;
				CLANG_WARN_DIRECT_OBJC_ISA_USAGE = YES_ERROR;
				CLANG_WARN_DOCUMENTATION_COMMENTS = YES;
				CLANG_WARN_EMPTY_BODY = YES;
				CLANG_WARN_ENUM_CONVERSION = YES;
				CLANG_WARN_INFINITE_RECURSION = YES;
				CLANG_WARN_INT_CONVERSION = YES;
				CLANG_WARN_NON_LITERAL_NULL_CONVERSION = YES;
				CLANG_WARN_OBJC_IMPLICIT_RETAIN_SELF = YES;
				CLANG_WARN_OBJC_LITERAL_CONVERSION = YES;
				CLANG_WARN_OBJC_ROOT_CLASS = YES_ERROR;
				CLANG_WARN_QUOTED_INCLUDE_IN_FRAMEWORK_HEADER = YES;
				CLANG_WARN_RANGE_LOOP_ANALYSIS = YES;
				CLANG_WARN_STRICT_PROTOTYPES = YES;
				CLANG_WARN_SUSPICIOUS_MOVE = YES;
				CLANG_WARN_UNGUARDED_AVAILABILITY = YES_AGGRESSIVE;
				CLANG_WARN_UNREACHABLE_CODE = YES;
				CLANG_WARN__DUPLICATE_METHOD_MATCH = YES;
				COPY_PHASE_STRIP = NO;
				DEBUG_INFORMATION_FORMAT = dwarf;
				ENABLE_STRICT_OBJC_MSGSEND = YES;
				ENABLE_TESTABILITY = YES;
				ENABLE_USER_SCRIPT_SANDBOXING = YES;
				GCC_C_LANGUAGE_STANDARD = gnu17;
				GCC_DYNAMIC_NO_PIC = NO;
				GCC_NO_COMMON_BLOCKS = YES;
				GCC_OPTIMIZATION_LEVEL = 0;
				GCC_PREPROCESSOR_DEFINITIONS = (
					"DEBUG=1",
					"$(inherited)",
				);
				GCC_WARN_64_TO_32_BIT_CONVERSION = YES;
				GCC_WARN_ABOUT_RETURN_TYPE = YES_ERROR;
				GCC_WARN_UNDECLARED_SELECTOR = YES;
				GCC_WARN_UNINITIALIZED_AUTOS = YES_AGGRESSIVE;
				GCC_WARN_UNUSED_FUNCTION = YES;
				GCC_WARN_UNUSED_VARIABLE = YES;
				LOCALIZATION_PREFERS_STRING_CATALOGS = YES;
				MACOSX_DEPLOYMENT_TARGET = 15.0;
				MTL_ENABLE_DEBUG_INFO = INCLUDE_SOURCE;
				MTL_FAST_MATH = YES;
				ONLY_ACTIVE_ARCH = YES;
				SDKROOT = macosx;
				SWIFT_ACTIVE_COMPILATION_CONDITIONS = "DEBUG $(inherited)";
				SWIFT_OPTIMIZATION_LEVEL = "-Onone";
			};
			name = Debug;
		};
		33D520B12C3059C60034C89E /* Release */ = {
			isa = XCBuildConfiguration;
			buildSettings = {
				ALWAYS_SEARCH_USER_PATHS = NO;
				ASSETCATALOG_COMPILER_GENERATE_SWIFT_ASSET_SYMBOL_EXTENSIONS = YES;
				CLANG_ANALYZER_NONNULL = YES;
				CLANG_ANALYZER_NUMBER_OBJECT_CONVERSION = YES_AGGRESSIVE;
				CLANG_CXX_LANGUAGE_STANDARD = "gnu++20";
				CLANG_ENABLE_MODULES = YES;
				CLANG_ENABLE_OBJC_ARC = YES;
				CLANG_ENABLE_OBJC_WEAK = YES;
				CLANG_WARN_BLOCK_CAPTURE_AUTORELEASING = YES;
				CLANG_WARN_BOOL_CONVERSION = YES;
				CLANG_WARN_COMMA = YES;
				CLANG_WARN_CONSTANT_CONVERSION = YES;
				CLANG_WARN_DEPRECATED_OBJC_IMPLEMENTATIONS = YES;
				CLANG_WARN_DIRECT_OBJC_ISA_USAGE = YES_ERROR;
				CLANG_WARN_DOCUMENTATION_COMMENTS = YES;
				CLANG_WARN_EMPTY_BODY = YES;
				CLANG_WARN_ENUM_CONVERSION = YES;
				CLANG_WARN_INFINITE_RECURSION = YES;
				CLANG_WARN_INT_CONVERSION = YES;
				CLANG_WARN_NON_LITERAL_NULL_CONVERSION = YES;
				CLANG_WARN_OBJC_IMPLICIT_RETAIN_SELF = YES;
				CLANG_WARN_OBJC_LITERAL_CONVERSION = YES;
				CLANG_WARN_OBJC_ROOT_CLASS = YES_ERROR;
				CLANG_WARN_QUOTED_INCLUDE_IN_FRAMEWORK_HEADER = YES;
				CLANG_WARN_RANGE_LOOP_ANALYSIS = YES;
				CLANG_WARN_STRICT_PROTOTYPES = YES;
				CLANG_WARN_SUSPICIOUS_MOVE = YES;
				CLANG_WARN_UNGUARDED_AVAILABILITY = YES_AGGRESSIVE;
				CLANG_WARN_UNREACHABLE_CODE = YES;
				CLANG_WARN__DUPLICATE_METHOD_MATCH = YES;
				COPY_PHASE_STRIP = NO;
				DEBUG_INFORMATION_FORMAT = "dwarf-with-dsym";
				ENABLE_NS_ASSERTIONS = NO;
				ENABLE_STRICT_OBJC_MSGSEND = YES;
				ENABLE_USER_SCRIPT_SANDBOXING = YES;
				GCC_C_LANGUAGE_STANDARD = gnu17;
				GCC_NO_COMMON_BLOCKS = YES;
				GCC_WARN_64_TO_32_BIT_CONVERSION = YES;
				GCC_WARN_ABOUT_RETURN_TYPE = YES_ERROR;
				GCC_WARN_UNDECLARED_SELECTOR = YES;
				GCC_WARN_UNINITIALIZED_AUTOS = YES_AGGRESSIVE;
				GCC_WARN_UNUSED_FUNCTION = YES;
				GCC_WARN_UNUSED_VARIABLE = YES;
				LOCALIZATION_PREFERS_STRING_CATALOGS = YES;
				MACOSX_DEPLOYMENT_TARGET = 15.0;
				MTL_ENABLE_DEBUG_INFO = NO;
				MTL_FAST_MATH = YES;
				SDKROOT = macosx;
				SWIFT_COMPILATION_MODE = wholemodule;
			};
			name = Release;
		};
		33D520B32C3059C60034C89E /* Debug */ = {
			isa = XCBuildConfiguration;
			buildSettings = {
				ASSETCATALOG_COMPILER_APPICON_NAME = AppIcon;
				ASSETCATALOG_COMPILER_GLOBAL_ACCENT_COLOR_NAME = AccentColor;
				CLANG_ENABLE_MODULES = YES;
				CODE_SIGN_ENTITLEMENTS = XCodeRPC/XCodeRPC.entitlements;
				CODE_SIGN_STYLE = Automatic;
				COMBINE_HIDPI_IMAGES = YES;
				CURRENT_PROJECT_VERSION = 0;
				DEVELOPMENT_ASSET_PATHS = "\"XCodeRPC/Preview Content\"";
				DEVELOPMENT_TEAM = LG9VHH63DQ;
				ENABLE_HARDENED_RUNTIME = YES;
				ENABLE_PREVIEWS = YES;
				GENERATE_INFOPLIST_FILE = YES;
				INFOPLIST_FILE = XcodeRPC/Info.plist;
				INFOPLIST_KEY_CFBundleDisplayName = XcodeRPC;
				INFOPLIST_KEY_LSUIElement = YES;
				INFOPLIST_KEY_NSAppleEventsUsageDescription = "We need to get information about your activities in Xcode using AppleEvents.";
				INFOPLIST_KEY_NSHumanReadableCopyright = "";
				LD_RUNPATH_SEARCH_PATHS = (
					"$(inherited)",
					"@executable_path/../Frameworks",
				);
				MACOSX_DEPLOYMENT_TARGET = 11.0;
				MARKETING_VERSION = 0.3.0;
				PRODUCT_BUNDLE_IDENTIFIER = dev.atomtables.XcodeRPC;
				PRODUCT_NAME = "$(TARGET_NAME)";
				SWIFT_EMIT_LOC_STRINGS = YES;
				SWIFT_OPTIMIZATION_LEVEL = "-Onone";
				SWIFT_PRECOMPILE_BRIDGING_HEADER = NO;
				SWIFT_VERSION = 5.0;
			};
			name = Debug;
		};
		33D520B42C3059C60034C89E /* Release */ = {
			isa = XCBuildConfiguration;
			buildSettings = {
				ASSETCATALOG_COMPILER_APPICON_NAME = AppIcon;
				ASSETCATALOG_COMPILER_GLOBAL_ACCENT_COLOR_NAME = AccentColor;
				CLANG_ENABLE_MODULES = YES;
				CODE_SIGN_ENTITLEMENTS = XCodeRPC/XCodeRPC.entitlements;
				CODE_SIGN_STYLE = Automatic;
				COMBINE_HIDPI_IMAGES = YES;
				CURRENT_PROJECT_VERSION = 0;
				DEVELOPMENT_ASSET_PATHS = "\"XCodeRPC/Preview Content\"";
				DEVELOPMENT_TEAM = LG9VHH63DQ;
				ENABLE_HARDENED_RUNTIME = YES;
				ENABLE_PREVIEWS = YES;
				GENERATE_INFOPLIST_FILE = YES;
				INFOPLIST_FILE = XCodeRPC/Info.plist;
				INFOPLIST_KEY_CFBundleDisplayName = XcodeRPC;
				INFOPLIST_KEY_LSUIElement = YES;
				INFOPLIST_KEY_NSAppleEventsUsageDescription = "We need to get information about your activities in Xcode using AppleEvents.";
				INFOPLIST_KEY_NSHumanReadableCopyright = "";
				LD_RUNPATH_SEARCH_PATHS = (
					"$(inherited)",
					"@executable_path/../Frameworks",
				);
				MACOSX_DEPLOYMENT_TARGET = 11.0;
				MARKETING_VERSION = 0.3.0;
				PRODUCT_BUNDLE_IDENTIFIER = dev.atomtables.XcodeRPC;
				PRODUCT_NAME = "$(TARGET_NAME)";
				SWIFT_EMIT_LOC_STRINGS = YES;
				SWIFT_PRECOMPILE_BRIDGING_HEADER = NO;
				SWIFT_VERSION = 5.0;
			};
			name = Release;
		};
/* End XCBuildConfiguration section */

/* Begin XCConfigurationList section */
		33D5209E2C3059C30034C89E /* Build configuration list for PBXProject "XcodeRPC" */ = {
			isa = XCConfigurationList;
			buildConfigurations = (
				33D520B02C3059C60034C89E /* Debug */,
				33D520B12C3059C60034C89E /* Release */,
			);
			defaultConfigurationIsVisible = 0;
			defaultConfigurationName = Release;
		};
		33D520B22C3059C60034C89E /* Build configuration list for PBXNativeTarget "XcodeRPC" */ = {
			isa = XCConfigurationList;
			buildConfigurations = (
				33D520B32C3059C60034C89E /* Debug */,
				33D520B42C3059C60034C89E /* Release */,
			);
			defaultConfigurationIsVisible = 0;
			defaultConfigurationName = Release;
		};
/* End XCConfigurationList section */

/* Begin XCRemoteSwiftPackageReference section */
		332452FA2C306D3B001B386F /* XCRemoteSwiftPackageReference "SwordRPC" */ = {
			isa = XCRemoteSwiftPackageReference;
			repositoryURL = "https://github.com/PKBeam/SwordRPC.git";
			requirement = {
				branch = master;
				kind = branch;
			};
		};
		33C671062C3398A400B8BB1F /* XCRemoteSwiftPackageReference "SwiftLintPlugins" */ = {
			isa = XCRemoteSwiftPackageReference;
			repositoryURL = "https://github.com/SimplyDanny/SwiftLintPlugins";
			requirement = {
				kind = upToNextMajorVersion;
				minimumVersion = 0.55.1;
			};
		};
/* End XCRemoteSwiftPackageReference section */

/* Begin XCSwiftPackageProductDependency section */
		332452F52C3061E8001B386F /* SwordRPC */ = {
			isa = XCSwiftPackageProductDependency;
			productName = SwordRPC;
		};
		332452FB2C306D3B001B386F /* SwordRPC */ = {
			isa = XCSwiftPackageProductDependency;
			package = 332452FA2C306D3B001B386F /* XCRemoteSwiftPackageReference "SwordRPC" */;
			productName = SwordRPC;
		};
		33C671072C33990900B8BB1F /* SwiftLintBuildToolPlugin */ = {
			isa = XCSwiftPackageProductDependency;
			package = 33C671062C3398A400B8BB1F /* XCRemoteSwiftPackageReference "SwiftLintPlugins" */;
			productName = "plugin:SwiftLintBuildToolPlugin";
		};
/* End XCSwiftPackageProductDependency section */
	};
	rootObject = 33D5209B2C3059C30034C89E /* Project object */;
}
