// !$*UTF8*$!
{
	archiveVersion = 1;
	classes = {
	};
	objectVersion = 60;
	objects = {

/* Begin PBXBuildFile section */
		332452F62C3061E8001B386F /* SwordRPC in Frameworks */ = {isa = PBXBuildFile; productRef = 332452F52C3061E8001B386F /* SwordRPC */; };
		332452FC2C306D3B001B386F /* SwordRPC in Frameworks */ = {isa = PBXBuildFile; productRef = 332452FB2C306D3B001B386F /* SwordRPC */; };
		332452FE2C307240001B386F /* Secrets.swift in Sources */ = {isa = PBXBuildFile; fileRef = 332452FD2C30723D001B386F /* Secrets.swift */; };
		332453002C30747C001B386F /* Structures.swift in Sources */ = {isa = PBXBuildFile; fileRef = 332452FF2C30747A001B386F /* Structures.swift */; };
		332453042C30C334001B386F /* Data+MultipartRequest.swift in Sources */ = {isa = PBXBuildFile; fileRef = 332453032C30C315001B386F /* Data+MultipartRequest.swift */; };
		335F2D632C31A45000439F3E /* InterViewState.swift in Sources */ = {isa = PBXBuildFile; fileRef = 335F2D622C31A44500439F3E /* InterViewState.swift */; };
		335F2D652C31A4CF00439F3E /* AppleScripts.swift in Sources */ = {isa = PBXBuildFile; fileRef = 335F2D642C31A4CC00439F3E /* AppleScripts.swift */; };
		335F2D702C3231CF00439F3E /* Functions.swift in Sources */ = {isa = PBXBuildFile; fileRef = 335F2D6F2C3231CD00439F3E /* Functions.swift */; };
		33D520A72C3059C30034C89E /* XcodeRPCApp.swift in Sources */ = {isa = PBXBuildFile; fileRef = 33D520A62C3059C30034C89E /* XcodeRPCApp.swift */; };
		33D520A92C3059C30034C89E /* ContentView.swift in Sources */ = {isa = PBXBuildFile; fileRef = 33D520A82C3059C30034C89E /* ContentView.swift */; };
		33D520AB2C3059C60034C89E /* Assets.xcassets in Resources */ = {isa = PBXBuildFile; fileRef = 33D520AA2C3059C60034C89E /* Assets.xcassets */; };
		33D520AE2C3059C60034C89E /* Preview Assets.xcassets in Resources */ = {isa = PBXBuildFile; fileRef = 33D520AD2C3059C60034C89E /* Preview Assets.xcassets */; };
/* End PBXBuildFile section */

/* Begin PBXFileReference section */
		332452FD2C30723D001B386F /* Secrets.swift */ = {isa = PBXFileReference; lastKnownFileType = sourcecode.swift; path = Secrets.swift; sourceTree = "<group>"; };
		332452FF2C30747A001B386F /* Structures.swift */ = {isa = PBXFileReference; lastKnownFileType = sourcecode.swift; path = Structures.swift; sourceTree = "<group>"; };
		332453032C30C315001B386F /* Data+MultipartRequest.swift */ = {isa = PBXFileReference; lastKnownFileType = sourcecode.swift; path = "Data+MultipartRequest.swift"; sourceTree = "<group>"; };
		335F2D622C31A44500439F3E /* InterViewState.swift */ = {isa = PBXFileReference; lastKnownFileType = sourcecode.swift; path = InterViewState.swift; sourceTree = "<group>"; };
		335F2D642C31A4CC00439F3E /* AppleScripts.swift */ = {isa = PBXFileReference; lastKnownFileType = sourcecode.swift; path = AppleScripts.swift; sourceTree = "<group>"; };
		335F2D6F2C3231CD00439F3E /* Functions.swift */ = {isa = PBXFileReference; lastKnownFileType = sourcecode.swift; path = Functions.swift; sourceTree = "<group>"; };
		33D520A32C3059C30034C89E /* XcodeRPC.app */ = {isa = PBXFileReference; explicitFileType = wrapper.application; includeInIndex = 0; path = XcodeRPC.app; sourceTree = BUILT_PRODUCTS_DIR; };
		33D520A62C3059C30034C89E /* XcodeRPCApp.swift */ = {isa = PBXFileReference; lastKnownFileType = sourcecode.swift; path = XcodeRPCApp.swift; sourceTree = "<group>"; };
		33D520A82C3059C30034C89E /* ContentView.swift */ = {isa = PBXFileReference; lastKnownFileType = sourcecode.swift; path = ContentView.swift; sourceTree = "<group>"; };
		33D520AA2C3059C60034C89E /* Assets.xcassets */ = {isa = PBXFileReference; lastKnownFileType = folder.assetcatalog; path = Assets.xcassets; sourceTree = "<group>"; };
		33D520AD2C3059C60034C89E /* Preview Assets.xcassets */ = {isa = PBXFileReference; lastKnownFileType = folder.assetcatalog; path = "Preview Assets.xcassets"; sourceTree = "<group>"; };
		33D520AF2C3059C60034C89E /* XcodeRPC.entitlements */ = {isa = PBXFileReference; lastKnownFileType = text.plist.entitlements; path = XcodeRPC.entitlements; sourceTree = "<group>"; };
		33D520B52C305AA20034C89E /* Info.plist */ = {isa = PBXFileReference; lastKnownFileType = text.plist; path = Info.plist; sourceTree = "<group>"; };
/* End PBXFileReference section */

/* Begin PBXFrameworksBuildPhase section */
		33D520A02C3059C30034C89E /* Frameworks */ = {
			isa = PBXFrameworksBuildPhase;
			buildActionMask = 2147483647;
			files = (
				332452FC2C306D3B001B386F /* SwordRPC in Frameworks */,
				332452F62C3061E8001B386F /* SwordRPC in Frameworks */,
			);
			runOnlyForDeploymentPostprocessing = 0;
		};
/* End PBXFrameworksBuildPhase section */

/* Begin PBXGroup section */
		33D5209A2C3059C30034C89E = {
			isa = PBXGroup;
			children = (
				33D520A52C3059C30034C89E /* XcodeRPC */,
				33D520A42C3059C30034C89E /* Products */,
			);
			sourceTree = "<group>";
		};
		33D520A42C3059C30034C89E /* Products */ = {
			isa = PBXGroup;
			children = (
				33D520A32C3059C30034C89E /* XcodeRPC.app */,
			);
			name = Products;
			sourceTree = "<group>";
		};
		33D520A52C3059C30034C89E /* XcodeRPC */ = {
			isa = PBXGroup;
			children = (
				33D520A62C3059C30034C89E /* XcodeRPCApp.swift */,
				33D520A82C3059C30034C89E /* ContentView.swift */,
				335F2D6F2C3231CD00439F3E /* Functions.swift */,
				335F2D642C31A4CC00439F3E /* AppleScripts.swift */,
				335F2D622C31A44500439F3E /* InterViewState.swift */,
				332453032C30C315001B386F /* Data+MultipartRequest.swift */,
				332452FF2C30747A001B386F /* Structures.swift */,
				332452FD2C30723D001B386F /* Secrets.swift */,
				33D520B52C305AA20034C89E /* Info.plist */,
				33D520AA2C3059C60034C89E /* Assets.xcassets */,
				33D520AF2C3059C60034C89E /* XcodeRPC.entitlements */,
				33D520AC2C3059C60034C89E /* Preview Content */,
			);
			path = XcodeRPC;
			sourceTree = "<group>";
		};
		33D520AC2C3059C60034C89E /* Preview Content */ = {
			isa = PBXGroup;
			children = (
				33D520AD2C3059C60034C89E /* Preview Assets.xcassets */,
			);
			path = "Preview Content";
			sourceTree = "<group>";
		};
/* End PBXGroup section */

/* Begin PBXNativeTarget section */
		33D520A22C3059C30034C89E /* XcodeRPC */ = {
			isa = PBXNativeTarget;
			buildConfigurationList = 33D520B22C3059C60034C89E /* Build configuration list for PBXNativeTarget "XcodeRPC" */;
			buildPhases = (
				33D5209F2C3059C30034C89E /* Sources */,
				33D520A02C3059C30034C89E /* Frameworks */,
				33D520A12C3059C30034C89E /* Resources */,
			);
			buildRules = (
			);
			dependencies = (
			);
			name = XcodeRPC;
			packageProductDependencies = (
				332452F52C3061E8001B386F /* SwordRPC */,
				332452FB2C306D3B001B386F /* SwordRPC */,
			);
			productName = XCodeRPC;
			productReference = 33D520A32C3059C30034C89E /* XcodeRPC.app */;
			productType = "com.apple.product-type.application";
		};
/* End PBXNativeTarget section */

/* Begin PBXProject section */
		33D5209B2C3059C30034C89E /* Project object */ = {
			isa = PBXProject;
			attributes = {
				BuildIndependentTargetsInParallel = 1;
				LastSwiftUpdateCheck = 1600;
				LastUpgradeCheck = 1600;
				TargetAttributes = {
					33D520A22C3059C30034C89E = {
						CreatedOnToolsVersion = 16.0;
					};
				};
			};
			buildConfigurationList = 33D5209E2C3059C30034C89E /* Build configuration list for PBXProject "XcodeRPC" */;
			compatibilityVersion = "Xcode 15.0";
			developmentRegion = en;
			hasScannedForEncodings = 0;
			knownRegions = (
				en,
				Base,
			);
			mainGroup = 33D5209A2C3059C30034C89E;
			packageReferences = (
				332452FA2C306D3B001B386F /* XCRemoteSwiftPackageReference "SwordRPC" */,
			);
			productRefGroup = 33D520A42C3059C30034C89E /* Products */;
			projectDirPath = "";
			projectRoot = "";
			targets = (
				33D520A22C3059C30034C89E /* XcodeRPC */,
			);
		};
/* End PBXProject section */

/* Begin PBXResourcesBuildPhase section */
		33D520A12C3059C30034C89E /* Resources */ = {
			isa = PBXResourcesBuildPhase;
			buildActionMask = 2147483647;
			files = (
				33D520AE2C3059C60034C89E /* Preview Assets.xcassets in Resources */,
				33D520AB2C3059C60034C89E /* Assets.xcassets in Resources */,
			);
			runOnlyForDeploymentPostprocessing = 0;
		};
/* End PBXResourcesBuildPhase section */

/* Begin PBXSourcesBuildPhase section */
		33D5209F2C3059C30034C89E /* Sources */ = {
			isa = PBXSourcesBuildPhase;
			buildActionMask = 2147483647;
			files = (
				332453042C30C334001B386F /* Data+MultipartRequest.swift in Sources */,
				335F2D632C31A45000439F3E /* InterViewState.swift in Sources */,
				33D520A92C3059C30034C89E /* ContentView.swift in Sources */,
				335F2D702C3231CF00439F3E /* Functions.swift in Sources */,
				332453002C30747C001B386F /* Structures.swift in Sources */,
				335F2D652C31A4CF00439F3E /* AppleScripts.swift in Sources */,
				332452FE2C307240001B386F /* Secrets.swift in Sources */,
				33D520A72C3059C30034C89E /* XcodeRPCApp.swift in Sources */,
			);
			runOnlyForDeploymentPostprocessing = 0;
		};
/* End PBXSourcesBuildPhase section */

/* Begin XCBuildConfiguration section */
		33D520B02C3059C60034C89E /* Debug */ = {
			isa = XCBuildConfiguration;
			buildSettings = {
				ALWAYS_SEARCH_USER_PATHS = NO;
				ASSETCATALOG_COMPILER_GENERATE_SWIFT_ASSET_SYMBOL_EXTENSIONS = YES;
				CLANG_ANALYZER_NONNULL = YES;
				CLANG_ANALYZER_NUMBER_OBJECT_CONVERSION = YES_AGGRESSIVE;
				CLANG_CXX_LANGUAGE_STANDARD = "gnu++20";
				CLANG_ENABLE_MODULES = YES;
				CLANG_ENABLE_OBJC_ARC = YES;
				CLANG_ENABLE_OBJC_WEAK = YES;
				CLANG_WARN_BLOCK_CAPTURE_AUTORELEASING = YES;
				CLANG_WARN_BOOL_CONVERSION = YES;
				CLANG_WARN_COMMA = YES;
				CLANG_WARN_CONSTANT_CONVERSION = YES;
				CLANG_WARN_DEPRECATED_OBJC_IMPLEMENTATIONS = YES;
				CLANG_WARN_DIRECT_OBJC_ISA_USAGE = YES_ERROR;
				CLANG_WARN_DOCUMENTATION_COMMENTS = YES;
				CLANG_WARN_EMPTY_BODY = YES;
				CLANG_WARN_ENUM_CONVERSION = YES;
				CLANG_WARN_INFINITE_RECURSION = YES;
				CLANG_WARN_INT_CONVERSION = YES;
				CLANG_WARN_NON_LITERAL_NULL_CONVERSION = YES;
				CLANG_WARN_OBJC_IMPLICIT_RETAIN_SELF = YES;
				CLANG_WARN_OBJC_LITERAL_CONVERSION = YES;
				CLANG_WARN_OBJC_ROOT_CLASS = YES_ERROR;
				CLANG_WARN_QUOTED_INCLUDE_IN_FRAMEWORK_HEADER = YES;
				CLANG_WARN_RANGE_LOOP_ANALYSIS = YES;
				CLANG_WARN_STRICT_PROTOTYPES = YES;
				CLANG_WARN_SUSPICIOUS_MOVE = YES;
				CLANG_WARN_UNGUARDED_AVAILABILITY = YES_AGGRESSIVE;
				CLANG_WARN_UNREACHABLE_CODE = YES;
				CLANG_WARN__DUPLICATE_METHOD_MATCH = YES;
				COPY_PHASE_STRIP = NO;
				DEBUG_INFORMATION_FORMAT = dwarf;
				ENABLE_STRICT_OBJC_MSGSEND = YES;
				ENABLE_TESTABILITY = YES;
				ENABLE_USER_SCRIPT_SANDBOXING = YES;
				GCC_C_LANGUAGE_STANDARD = gnu17;
				GCC_DYNAMIC_NO_PIC = NO;
				GCC_NO_COMMON_BLOCKS = YES;
				GCC_OPTIMIZATION_LEVEL = 0;
				GCC_PREPROCESSOR_DEFINITIONS = (
					"DEBUG=1",
					"$(inherited)",
				);
				GCC_WARN_64_TO_32_BIT_CONVERSION = YES;
				GCC_WARN_ABOUT_RETURN_TYPE = YES_ERROR;
				GCC_WARN_UNDECLARED_SELECTOR = YES;
				GCC_WARN_UNINITIALIZED_AUTOS = YES_AGGRESSIVE;
				GCC_WARN_UNUSED_FUNCTION = YES;
				GCC_WARN_UNUSED_VARIABLE = YES;
				LOCALIZATION_PREFERS_STRING_CATALOGS = YES;
				MACOSX_DEPLOYMENT_TARGET = 15.0;
				MTL_ENABLE_DEBUG_INFO = INCLUDE_SOURCE;
				MTL_FAST_MATH = YES;
				ONLY_ACTIVE_ARCH = YES;
				SDKROOT = macosx;
				SWIFT_ACTIVE_COMPILATION_CONDITIONS = "DEBUG $(inherited)";
				SWIFT_OPTIMIZATION_LEVEL = "-Onone";
			};
			name = Debug;
		};
		33D520B12C3059C60034C89E /* Release */ = {
			isa = XCBuildConfiguration;
			buildSettings = {
				ALWAYS_SEARCH_USER_PATHS = NO;
				ASSETCATALOG_COMPILER_GENERATE_SWIFT_ASSET_SYMBOL_EXTENSIONS = YES;
				CLANG_ANALYZER_NONNULL = YES;
				CLANG_ANALYZER_NUMBER_OBJECT_CONVERSION = YES_AGGRESSIVE;
				CLANG_CXX_LANGUAGE_STANDARD = "gnu++20";
				CLANG_ENABLE_MODULES = YES;
				CLANG_ENABLE_OBJC_ARC = YES;
				CLANG_ENABLE_OBJC_WEAK = YES;
				CLANG_WARN_BLOCK_CAPTURE_AUTORELEASING = YES;
				CLANG_WARN_BOOL_CONVERSION = YES;
				CLANG_WARN_COMMA = YES;
				CLANG_WARN_CONSTANT_CONVERSION = YES;
				CLANG_WARN_DEPRECATED_OBJC_IMPLEMENTATIONS = YES;
				CLANG_WARN_DIRECT_OBJC_ISA_USAGE = YES_ERROR;
				CLANG_WARN_DOCUMENTATION_COMMENTS = YES;
				CLANG_WARN_EMPTY_BODY = YES;
				CLANG_WARN_ENUM_CONVERSION = YES;
				CLANG_WARN_INFINITE_RECURSION = YES;
				CLANG_WARN_INT_CONVERSION = YES;
				CLANG_WARN_NON_LITERAL_NULL_CONVERSION = YES;
				CLANG_WARN_OBJC_IMPLICIT_RETAIN_SELF = YES;
				CLANG_WARN_OBJC_LITERAL_CONVERSION = YES;
				CLANG_WARN_OBJC_ROOT_CLASS = YES_ERROR;
				CLANG_WARN_QUOTED_INCLUDE_IN_FRAMEWORK_HEADER = YES;
				CLANG_WARN_RANGE_LOOP_ANALYSIS = YES;
				CLANG_WARN_STRICT_PROTOTYPES = YES;
				CLANG_WARN_SUSPICIOUS_MOVE = YES;
				CLANG_WARN_UNGUARDED_AVAILABILITY = YES_AGGRESSIVE;
				CLANG_WARN_UNREACHABLE_CODE = YES;
				CLANG_WARN__DUPLICATE_METHOD_MATCH = YES;
				COPY_PHASE_STRIP = NO;
				DEBUG_INFORMATION_FORMAT = "dwarf-with-dsym";
				ENABLE_NS_ASSERTIONS = NO;
				ENABLE_STRICT_OBJC_MSGSEND = YES;
				ENABLE_USER_SCRIPT_SANDBOXING = YES;
				GCC_C_LANGUAGE_STANDARD = gnu17;
				GCC_NO_COMMON_BLOCKS = YES;
				GCC_WARN_64_TO_32_BIT_CONVERSION = YES;
				GCC_WARN_ABOUT_RETURN_TYPE = YES_ERROR;
				GCC_WARN_UNDECLARED_SELECTOR = YES;
				GCC_WARN_UNINITIALIZED_AUTOS = YES_AGGRESSIVE;
				GCC_WARN_UNUSED_FUNCTION = YES;
				GCC_WARN_UNUSED_VARIABLE = YES;
				LOCALIZATION_PREFERS_STRING_CATALOGS = YES;
				MACOSX_DEPLOYMENT_TARGET = 15.0;
				MTL_ENABLE_DEBUG_INFO = NO;
				MTL_FAST_MATH = YES;
				SDKROOT = macosx;
				SWIFT_COMPILATION_MODE = wholemodule;
			};
			name = Release;
		};
		33D520B32C3059C60034C89E /* Debug */ = {
			isa = XCBuildConfiguration;
			buildSettings = {
				ASSETCATALOG_COMPILER_APPICON_NAME = AppIcon;
				ASSETCATALOG_COMPILER_GLOBAL_ACCENT_COLOR_NAME = AccentColor;
				CODE_SIGN_ENTITLEMENTS = XCodeRPC/XCodeRPC.entitlements;
				CODE_SIGN_STYLE = Automatic;
				COMBINE_HIDPI_IMAGES = YES;
				CURRENT_PROJECT_VERSION = 1;
				DEVELOPMENT_ASSET_PATHS = "\"XCodeRPC/Preview Content\"";
				DEVELOPMENT_TEAM = LG9VHH63DQ;
				ENABLE_HARDENED_RUNTIME = YES;
				ENABLE_PREVIEWS = YES;
				GENERATE_INFOPLIST_FILE = YES;
				INFOPLIST_FILE = XCodeRPC/Info.plist;
				INFOPLIST_KEY_CFBundleDisplayName = XcodeRPC;
				INFOPLIST_KEY_LSUIElement = YES;
				INFOPLIST_KEY_NSHumanReadableCopyright = "";
				LD_RUNPATH_SEARCH_PATHS = (
					"$(inherited)",
					"@executable_path/../Frameworks",
				);
				MACOSX_DEPLOYMENT_TARGET = 13.0;
				MARKETING_VERSION = 1.0;
				PRODUCT_BUNDLE_IDENTIFIER = dev.atomtables.XcodeRPC;
				PRODUCT_NAME = "$(TARGET_NAME)";
				SWIFT_EMIT_LOC_STRINGS = YES;
				SWIFT_VERSION = 5.0;
			};
			name = Debug;
		};
		33D520B42C3059C60034C89E /* Release */ = {
			isa = XCBuildConfiguration;
			buildSettings = {
				ASSETCATALOG_COMPILER_APPICON_NAME = AppIcon;
				ASSETCATALOG_COMPILER_GLOBAL_ACCENT_COLOR_NAME = AccentColor;
				CODE_SIGN_ENTITLEMENTS = XCodeRPC/XCodeRPC.entitlements;
				CODE_SIGN_STYLE = Automatic;
				COMBINE_HIDPI_IMAGES = YES;
				CURRENT_PROJECT_VERSION = 1;
				DEVELOPMENT_ASSET_PATHS = "\"XCodeRPC/Preview Content\"";
				DEVELOPMENT_TEAM = LG9VHH63DQ;
				ENABLE_HARDENED_RUNTIME = YES;
				ENABLE_PREVIEWS = YES;
				GENERATE_INFOPLIST_FILE = YES;
				INFOPLIST_FILE = XCodeRPC/Info.plist;
				INFOPLIST_KEY_CFBundleDisplayName = XcodeRPC;
				INFOPLIST_KEY_LSUIElement = YES;
				INFOPLIST_KEY_NSHumanReadableCopyright = "";
				LD_RUNPATH_SEARCH_PATHS = (
					"$(inherited)",
					"@executable_path/../Frameworks",
				);
				MACOSX_DEPLOYMENT_TARGET = 13.0;
				MARKETING_VERSION = 1.0;
				PRODUCT_BUNDLE_IDENTIFIER = dev.atomtables.XcodeRPC;
				PRODUCT_NAME = "$(TARGET_NAME)";
				SWIFT_EMIT_LOC_STRINGS = YES;
				SWIFT_VERSION = 5.0;
			};
			name = Release;
		};
/* End XCBuildConfiguration section */

/* Begin XCConfigurationList section */
		33D5209E2C3059C30034C89E /* Build configuration list for PBXProject "XcodeRPC" */ = {
			isa = XCConfigurationList;
			buildConfigurations = (
				33D520B02C3059C60034C89E /* Debug */,
				33D520B12C3059C60034C89E /* Release */,
			);
			defaultConfigurationIsVisible = 0;
			defaultConfigurationName = Release;
		};
		33D520B22C3059C60034C89E /* Build configuration list for PBXNativeTarget "XcodeRPC" */ = {
			isa = XCConfigurationList;
			buildConfigurations = (
				33D520B32C3059C60034C89E /* Debug */,
				33D520B42C3059C60034C89E /* Release */,
			);
			defaultConfigurationIsVisible = 0;
			defaultConfigurationName = Release;
		};
/* End XCConfigurationList section */

/* Begin XCRemoteSwiftPackageReference section */
		332452FA2C306D3B001B386F /* XCRemoteSwiftPackageReference "SwordRPC" */ = {
			isa = XCRemoteSwiftPackageReference;
			repositoryURL = "https://github.com/PKBeam/SwordRPC.git";
			requirement = {
				branch = master;
				kind = branch;
			};
		};
/* End XCRemoteSwiftPackageReference section */

/* Begin XCSwiftPackageProductDependency section */
		332452F52C3061E8001B386F /* SwordRPC */ = {
			isa = XCSwiftPackageProductDependency;
			productName = SwordRPC;
		};
		332452FB2C306D3B001B386F /* SwordRPC */ = {
			isa = XCSwiftPackageProductDependency;
			package = 332452FA2C306D3B001B386F /* XCRemoteSwiftPackageReference "SwordRPC" */;
			productName = SwordRPC;
		};
/* End XCSwiftPackageProductDependency section */
	};
	rootObject = 33D5209B2C3059C30034C89E /* Project object */;
}
